
Microsoft Visual Studio Solution File, Format Version 12.00
# Visual Studio Version 17
VisualStudioVersion = 17.7.34202.233
MinimumVisualStudioVersion = 10.0.40219.1
Project("{FAE04EC0-301F-11D3-BF4B-00C04F79EFBC}") = "3-Lags Arkitektur", "3-Lags Arkitektur\3-Lags Arkitektur.csproj", "{47983F9A-4307-4B18-81E2-414B6A67CDF2}"
EndProject
Project("{FAE04EC0-301F-11D3-BF4B-00C04F79EFBC}") = "DTO", "DTO\DTO.csproj", "{10A68490-D67F-4649-82D9-8A90A29F7774}"
EndProject
Project("{FAE04EC0-301F-11D3-BF4B-00C04F79EFBC}") = "CarDataAccess", "CarDataAccess\CarDataAccess.csproj", "{81B5091F-6F45-4B27-9296-8D6E71C1407E}"
EndProject
Project("{FAE04EC0-301F-11D3-BF4B-00C04F79EFBC}") = "BusinessLogic", "BusinessLogic\BusinessLogic.csproj", "{0AA8C80A-D6BA-4A6A-9103-D3D7C284048F}"
EndProject
Global
	GlobalSection(SolutionConfigurationPlatforms) = preSolution
		Debug|Any CPU = Debug|Any CPU
		Release|Any CPU = Release|Any CPU
	EndGlobalSection
	GlobalSection(ProjectConfigurationPlatforms) = postSolution
		{47983F9A-4307-4B18-81E2-414B6A67CDF2}.Debug|Any CPU.ActiveCfg = Debug|Any CPU
		{47983F9A-4307-4B18-81E2-414B6A67CDF2}.Debug|Any CPU.Build.0 = Debug|Any CPU
		{47983F9A-4307-4B18-81E2-414B6A67CDF2}.Release|Any CPU.ActiveCfg = Release|Any CPU
		{47983F9A-4307-4B18-81E2-414B6A67CDF2}.Release|Any CPU.Build.0 = Release|Any CPU
		{10A68490-D67F-4649-82D9-8A90A29F7774}.Debug|Any CPU.ActiveCfg = Debug|Any CPU
		{10A68490-D67F-4649-82D9-8A90A29F7774}.Debug|Any CPU.Build.0 = Debug|Any CPU
		{10A68490-D67F-4649-82D9-8A90A29F7774}.Release|Any CPU.ActiveCfg = Release|Any CPU
		{10A68490-D67F-4649-82D9-8A90A29F7774}.Release|Any CPU.Build.0 = Release|Any CPU
		{81B5091F-6F45-4B27-9296-8D6E71C1407E}.Debug|Any CPU.ActiveCfg = Debug|Any CPU
		{81B5091F-6F45-4B27-9296-8D6E71C1407E}.Debug|Any CPU.Build.0 = Debug|Any CPU
		{81B5091F-6F45-4B27-9296-8D6E71C1407E}.Release|Any CPU.ActiveCfg = Release|Any CPU
		{81B5091F-6F45-4B27-9296-8D6E71C1407E}.Release|Any CPU.Build.0 = Release|Any CPU
		{0AA8C80A-D6BA-4A6A-9103-D3D7C284048F}.Debug|Any CPU.ActiveCfg = Debug|Any CPU
		{0AA8C80A-D6BA-4A6A-9103-D3D7C284048F}.Debug|Any CPU.Build.0 = Debug|Any CPU
		{0AA8C80A-D6BA-4A6A-9103-D3D7C284048F}.Release|Any CPU.ActiveCfg = Release|Any CPU
		{0AA8C80A-D6BA-4A6A-9103-D3D7C284048F}.Release|Any CPU.Build.0 = Release|Any CPU
	EndGlobalSection
	GlobalSection(SolutionProperties) = preSolution
		HideSolutionNode = FALSE
	EndGlobalSection
	GlobalSection(ExtensibilityGlobals) = postSolution
		SolutionGuid = {27549D37-B25A-4EC1-B1CC-989BF8235E32}
	EndGlobalSection
EndGlobal
